
Microsoft Visual Studio Solution File, Format Version 12.00
# Visual Studio Version 17
VisualStudioVersion = 17.5.002.0
MinimumVisualStudioVersion = 10.0.40219.1
Project("{2150E333-8FDC-42A3-9474-1A3956D46DE8}") = "src", "src", "{B3469E32-858D-417C-B45E-6CEED047614A}"
EndProject
Project("{9A19103F-16F7-4668-BE54-9A1E7A4F7556}") = "Corelia", "src\Corelia\Corelia.csproj", "{5CAC5B31-08D9-4655-91E6-580027B2FD14}"
EndProject
Global
	GlobalSection(SolutionConfigurationPlatforms) = preSolution
		Debug|Any CPU = Debug|Any CPU
		Release|Any CPU = Release|Any CPU
	EndGlobalSection
	GlobalSection(ProjectConfigurationPlatforms) = postSolution
		{5CAC5B31-08D9-4655-91E6-580027B2FD14}.Debug|Any CPU.ActiveCfg = Debug|Any CPU
		{5CAC5B31-08D9-4655-91E6-580027B2FD14}.Debug|Any CPU.Build.0 = Debug|Any CPU
		{5CAC5B31-08D9-4655-91E6-580027B2FD14}.Release|Any CPU.ActiveCfg = Release|Any CPU
		{5CAC5B31-08D9-4655-91E6-580027B2FD14}.Release|Any CPU.Build.0 = Release|Any CPU
	EndGlobalSection
	GlobalSection(SolutionProperties) = preSolution
		HideSolutionNode = FALSE
	EndGlobalSection
	GlobalSection(NestedProjects) = preSolution
		{5CAC5B31-08D9-4655-91E6-580027B2FD14} = {B3469E32-858D-417C-B45E-6CEED047614A}
	EndGlobalSection
	GlobalSection(ExtensibilityGlobals) = postSolution
		SolutionGuid = {28F5B231-6115-4179-AB51-CC901DBE35B2}
	EndGlobalSection
EndGlobal
